// !$*UTF8*$!
{
	archiveVersion = 1;
	classes = {
	};
	objectVersion = 55;
	objects = {

/* Begin PBXBuildFile section */
		047B1F9B2B677A88009CE1AA /* AppDelegate.swift in Sources */ = {isa = PBXBuildFile; fileRef = 047B1F9A2B677A88009CE1AA /* AppDelegate.swift */; };
		047B1F9D2B677A88009CE1AA /* SceneDelegate.swift in Sources */ = {isa = PBXBuildFile; fileRef = 047B1F9C2B677A88009CE1AA /* SceneDelegate.swift */; };
		047B1F9F2B677A88009CE1AA /* ViewController.swift in Sources */ = {isa = PBXBuildFile; fileRef = 047B1F9E2B677A88009CE1AA /* ViewController.swift */; };
		047B1FA22B677A88009CE1AA /* Main.storyboard in Resources */ = {isa = PBXBuildFile; fileRef = 047B1FA02B677A88009CE1AA /* Main.storyboard */; };
		047B1FA42B677A8B009CE1AA /* Assets.xcassets in Resources */ = {isa = PBXBuildFile; fileRef = 047B1FA32B677A8B009CE1AA /* Assets.xcassets */; };
		047B1FA72B677A8B009CE1AA /* LaunchScreen.storyboard in Resources */ = {isa = PBXBuildFile; fileRef = 047B1FA52B677A8B009CE1AA /* LaunchScreen.storyboard */; };
		047B1FAF2B678EF5009CE1AA /* LocationData.swift in Sources */ = {isa = PBXBuildFile; fileRef = 047B1FAE2B678EF5009CE1AA /* LocationData.swift */; };
		047B1FB12B679047009CE1AA /* CurrentData.swift in Sources */ = {isa = PBXBuildFile; fileRef = 047B1FB02B679047009CE1AA /* CurrentData.swift */; };
		047B1FB32B67913B009CE1AA /* WeatherData.swift in Sources */ = {isa = PBXBuildFile; fileRef = 047B1FB22B67913B009CE1AA /* WeatherData.swift */; };
/* End PBXBuildFile section */

/* Begin PBXFileReference section */
		047B1F972B677A88009CE1AA /* WeatherDataFetching(Weather_Api).app */ = {isa = PBXFileReference; explicitFileType = wrapper.application; includeInIndex = 0; path = "WeatherDataFetching(Weather_Api).app"; sourceTree = BUILT_PRODUCTS_DIR; };
		047B1F9A2B677A88009CE1AA /* AppDelegate.swift */ = {isa = PBXFileReference; lastKnownFileType = sourcecode.swift; path = AppDelegate.swift; sourceTree = "<group>"; };
		047B1F9C2B677A88009CE1AA /* SceneDelegate.swift */ = {isa = PBXFileReference; lastKnownFileType = sourcecode.swift; path = SceneDelegate.swift; sourceTree = "<group>"; };
		047B1F9E2B677A88009CE1AA /* ViewController.swift */ = {isa = PBXFileReference; lastKnownFileType = sourcecode.swift; path = ViewController.swift; sourceTree = "<group>"; };
		047B1FA12B677A88009CE1AA /* Base */ = {isa = PBXFileReference; lastKnownFileType = file.storyboard; name = Base; path = Base.lproj/Main.storyboard; sourceTree = "<group>"; };
		047B1FA32B677A8B009CE1AA /* Assets.xcassets */ = {isa = PBXFileReference; lastKnownFileType = folder.assetcatalog; path = Assets.xcassets; sourceTree = "<group>"; };
		047B1FA62B677A8B009CE1AA /* Base */ = {isa = PBXFileReference; lastKnownFileType = file.storyboard; name = Base; path = Base.lproj/LaunchScreen.storyboard; sourceTree = "<group>"; };
		047B1FA82B677A8B009CE1AA /* Info.plist */ = {isa = PBXFileReference; lastKnownFileType = text.plist.xml; path = Info.plist; sourceTree = "<group>"; };
		047B1FAE2B678EF5009CE1AA /* LocationData.swift */ = {isa = PBXFileReference; lastKnownFileType = sourcecode.swift; path = LocationData.swift; sourceTree = "<group>"; };
		047B1FB02B679047009CE1AA /* CurrentData.swift */ = {isa = PBXFileReference; lastKnownFileType = sourcecode.swift; path = CurrentData.swift; sourceTree = "<group>"; };
		047B1FB22B67913B009CE1AA /* WeatherData.swift */ = {isa = PBXFileReference; lastKnownFileType = sourcecode.swift; path = WeatherData.swift; sourceTree = "<group>"; };
/* End PBXFileReference section */

/* Begin PBXFrameworksBuildPhase section */
		047B1F942B677A88009CE1AA /* Frameworks */ = {
			isa = PBXFrameworksBuildPhase;
			buildActionMask = 2147483647;
			files = (
			);
			runOnlyForDeploymentPostprocessing = 0;
		};
/* End PBXFrameworksBuildPhase section */

/* Begin PBXGroup section */
		047B1F8E2B677A88009CE1AA = {
			isa = PBXGroup;
			children = (
				047B1F992B677A88009CE1AA /* WeatherDataFetching(Weather_Api) */,
				047B1F982B677A88009CE1AA /* Products */,
			);
			sourceTree = "<group>";
		};
		047B1F982B677A88009CE1AA /* Products */ = {
			isa = PBXGroup;
			children = (
				047B1F972B677A88009CE1AA /* WeatherDataFetching(Weather_Api).app */,
			);
			name = Products;
			sourceTree = "<group>";
		};
		047B1F992B677A88009CE1AA /* WeatherDataFetching(Weather_Api) */ = {
			isa = PBXGroup;
			children = (
				047B1F9A2B677A88009CE1AA /* AppDelegate.swift */,
				047B1F9C2B677A88009CE1AA /* SceneDelegate.swift */,
				047B1F9E2B677A88009CE1AA /* ViewController.swift */,
				047B1FAE2B678EF5009CE1AA /* LocationData.swift */,
				047B1FB02B679047009CE1AA /* CurrentData.swift */,
				047B1FB22B67913B009CE1AA /* WeatherData.swift */,
				047B1FA02B677A88009CE1AA /* Main.storyboard */,
				047B1FA32B677A8B009CE1AA /* Assets.xcassets */,
				047B1FA52B677A8B009CE1AA /* LaunchScreen.storyboard */,
				047B1FA82B677A8B009CE1AA /* Info.plist */,
			);
			path = "WeatherDataFetching(Weather_Api)";
			sourceTree = "<group>";
		};
/* End PBXGroup section */

/* Begin PBXNativeTarget section */
		047B1F962B677A88009CE1AA /* WeatherDataFetching(Weather_Api) */ = {
			isa = PBXNativeTarget;
			buildConfigurationList = 047B1FAB2B677A8B009CE1AA /* Build configuration list for PBXNativeTarget "WeatherDataFetching(Weather_Api)" */;
			buildPhases = (
				047B1F932B677A88009CE1AA /* Sources */,
				047B1F942B677A88009CE1AA /* Frameworks */,
				047B1F952B677A88009CE1AA /* Resources */,
			);
			buildRules = (
			);
			dependencies = (
			);
			name = "WeatherDataFetching(Weather_Api)";
			productName = "WeatherDataFetching(Weather_Api)";
			productReference = 047B1F972B677A88009CE1AA /* WeatherDataFetching(Weather_Api).app */;
			productType = "com.apple.product-type.application";
		};
/* End PBXNativeTarget section */

/* Begin PBXProject section */
		047B1F8F2B677A88009CE1AA /* Project object */ = {
			isa = PBXProject;
			attributes = {
				BuildIndependentTargetsInParallel = 1;
				LastSwiftUpdateCheck = 1340;
				LastUpgradeCheck = 1340;
				TargetAttributes = {
					047B1F962B677A88009CE1AA = {
						CreatedOnToolsVersion = 13.4.1;
					};
				};
			};
			buildConfigurationList = 047B1F922B677A88009CE1AA /* Build configuration list for PBXProject "WeatherDataFetching(Weather_Api)" */;
			compatibilityVersion = "Xcode 13.0";
			developmentRegion = en;
			hasScannedForEncodings = 0;
			knownRegions = (
				en,
				Base,
			);
			mainGroup = 047B1F8E2B677A88009CE1AA;
			productRefGroup = 047B1F982B677A88009CE1AA /* Products */;
			projectDirPath = "";
			projectRoot = "";
			targets = (
				047B1F962B677A88009CE1AA /* WeatherDataFetching(Weather_Api) */,
			);
		};
/* End PBXProject section */

/* Begin PBXResourcesBuildPhase section */
		047B1F952B677A88009CE1AA /* Resources */ = {
			isa = PBXResourcesBuildPhase;
			buildActionMask = 2147483647;
			files = (
				047B1FA72B677A8B009CE1AA /* LaunchScreen.storyboard in Resources */,
				047B1FA42B677A8B009CE1AA /* Assets.xcassets in Resources */,
				047B1FA22B677A88009CE1AA /* Main.storyboard in Resources */,
			);
			runOnlyForDeploymentPostprocessing = 0;
		};
/* End PBXResourcesBuildPhase section */

/* Begin PBXSourcesBuildPhase section */
		047B1F932B677A88009CE1AA /* Sources */ = {
			isa = PBXSourcesBuildPhase;
			buildActionMask = 2147483647;
			files = (
				047B1FAF2B678EF5009CE1AA /* LocationData.swift in Sources */,
				047B1F9F2B677A88009CE1AA /* ViewController.swift in Sources */,
				047B1F9B2B677A88009CE1AA /* AppDelegate.swift in Sources */,
				047B1FB12B679047009CE1AA /* CurrentData.swift in Sources */,
				047B1FB32B67913B009CE1AA /* WeatherData.swift in Sources */,
				047B1F9D2B677A88009CE1AA /* SceneDelegate.swift in Sources */,
			);
			runOnlyForDeploymentPostprocessing = 0;
		};
/* End PBXSourcesBuildPhase section */

/* Begin PBXVariantGroup section */
		047B1FA02B677A88009CE1AA /* Main.storyboard */ = {
			isa = PBXVariantGroup;
			children = (
				047B1FA12B677A88009CE1AA /* Base */,
			);
			name = Main.storyboard;
			sourceTree = "<group>";
		};
		047B1FA52B677A8B009CE1AA /* LaunchScreen.storyboard */ = {
			isa = PBXVariantGroup;
			children = (
				047B1FA62B677A8B009CE1AA /* Base */,
			);
			name = LaunchScreen.storyboard;
			sourceTree = "<group>";
		};
/* End PBXVariantGroup section */

/* Begin XCBuildConfiguration section */
		047B1FA92B677A8B009CE1AA /* Debug */ = {
			isa = XCBuildConfiguration;
			buildSettings = {
				ALWAYS_SEARCH_USER_PATHS = NO;
				CLANG_ANALYZER_NONNULL = YES;
				CLANG_ANALYZER_NUMBER_OBJECT_CONVERSION = YES_AGGRESSIVE;
				CLANG_CXX_LANGUAGE_STANDARD = "gnu++17";
				CLANG_ENABLE_MODULES = YES;
				CLANG_ENABLE_OBJC_ARC = YES;
				CLANG_ENABLE_OBJC_WEAK = YES;
				CLANG_WARN_BLOCK_CAPTURE_AUTORELEASING = YES;
				CLANG_WARN_BOOL_CONVERSION = YES;
				CLANG_WARN_COMMA = YES;
				CLANG_WARN_CONSTANT_CONVERSION = YES;
				CLANG_WARN_DEPRECATED_OBJC_IMPLEMENTATIONS = YES;
				CLANG_WARN_DIRECT_OBJC_ISA_USAGE = YES_ERROR;
				CLANG_WARN_DOCUMENTATION_COMMENTS = YES;
				CLANG_WARN_EMPTY_BODY = YES;
				CLANG_WARN_ENUM_CONVERSION = YES;
				CLANG_WARN_INFINITE_RECURSION = YES;
				CLANG_WARN_INT_CONVERSION = YES;
				CLANG_WARN_NON_LITERAL_NULL_CONVERSION = YES;
				CLANG_WARN_OBJC_IMPLICIT_RETAIN_SELF = YES;
				CLANG_WARN_OBJC_LITERAL_CONVERSION = YES;
				CLANG_WARN_OBJC_ROOT_CLASS = YES_ERROR;
				CLANG_WARN_QUOTED_INCLUDE_IN_FRAMEWORK_HEADER = YES;
				CLANG_WARN_RANGE_LOOP_ANALYSIS = YES;
				CLANG_WARN_STRICT_PROTOTYPES = YES;
				CLANG_WARN_SUSPICIOUS_MOVE = YES;
				CLANG_WARN_UNGUARDED_AVAILABILITY = YES_AGGRESSIVE;
				CLANG_WARN_UNREACHABLE_CODE = YES;
				CLANG_WARN__DUPLICATE_METHOD_MATCH = YES;
				COPY_PHASE_STRIP = NO;
				DEBUG_INFORMATION_FORMAT = dwarf;
				ENABLE_STRICT_OBJC_MSGSEND = YES;
				ENABLE_TESTABILITY = YES;
				GCC_C_LANGUAGE_STANDARD = gnu11;
				GCC_DYNAMIC_NO_PIC = NO;
				GCC_NO_COMMON_BLOCKS = YES;
				GCC_OPTIMIZATION_LEVEL = 0;
				GCC_PREPROCESSOR_DEFINITIONS = (
					"DEBUG=1",
					"$(inherited)",
				);
				GCC_WARN_64_TO_32_BIT_CONVERSION = YES;
				GCC_WARN_ABOUT_RETURN_TYPE = YES_ERROR;
				GCC_WARN_UNDECLARED_SELECTOR = YES;
				GCC_WARN_UNINITIALIZED_AUTOS = YES_AGGRESSIVE;
				GCC_WARN_UNUSED_FUNCTION = YES;
				GCC_WARN_UNUSED_VARIABLE = YES;
				IPHONEOS_DEPLOYMENT_TARGET = 15.5;
				MTL_ENABLE_DEBUG_INFO = INCLUDE_SOURCE;
				MTL_FAST_MATH = YES;
				ONLY_ACTIVE_ARCH = YES;
				SDKROOT = iphoneos;
				SWIFT_ACTIVE_COMPILATION_CONDITIONS = DEBUG;
				SWIFT_OPTIMIZATION_LEVEL = "-Onone";
			};
			name = Debug;
		};
		047B1FAA2B677A8B009CE1AA /* Release */ = {
			isa = XCBuildConfiguration;
			buildSettings = {
				ALWAYS_SEARCH_USER_PATHS = NO;
				CLANG_ANALYZER_NONNULL = YES;
				CLANG_ANALYZER_NUMBER_OBJECT_CONVERSION = YES_AGGRESSIVE;
				CLANG_CXX_LANGUAGE_STANDARD = "gnu++17";
				CLANG_ENABLE_MODULES = YES;
				CLANG_ENABLE_OBJC_ARC = YES;
				CLANG_ENABLE_OBJC_WEAK = YES;
				CLANG_WARN_BLOCK_CAPTURE_AUTORELEASING = YES;
				CLANG_WARN_BOOL_CONVERSION = YES;
				CLANG_WARN_COMMA = YES;
				CLANG_WARN_CONSTANT_CONVERSION = YES;
				CLANG_WARN_DEPRECATED_OBJC_IMPLEMENTATIONS = YES;
				CLANG_WARN_DIRECT_OBJC_ISA_USAGE = YES_ERROR;
				CLANG_WARN_DOCUMENTATION_COMMENTS = YES;
				CLANG_WARN_EMPTY_BODY = YES;
				CLANG_WARN_ENUM_CONVERSION = YES;
				CLANG_WARN_INFINITE_RECURSION = YES;
				CLANG_WARN_INT_CONVERSION = YES;
				CLANG_WARN_NON_LITERAL_NULL_CONVERSION = YES;
				CLANG_WARN_OBJC_IMPLICIT_RETAIN_SELF = YES;
				CLANG_WARN_OBJC_LITERAL_CONVERSION = YES;
				CLANG_WARN_OBJC_ROOT_CLASS = YES_ERROR;
				CLANG_WARN_QUOTED_INCLUDE_IN_FRAMEWORK_HEADER = YES;
				CLANG_WARN_RANGE_LOOP_ANALYSIS = YES;
				CLANG_WARN_STRICT_PROTOTYPES = YES;
				CLANG_WARN_SUSPICIOUS_MOVE = YES;
				CLANG_WARN_UNGUARDED_AVAILABILITY = YES_AGGRESSIVE;
				CLANG_WARN_UNREACHABLE_CODE = YES;
				CLANG_WARN__DUPLICATE_METHOD_MATCH = YES;
				COPY_PHASE_STRIP = NO;
				DEBUG_INFORMATION_FORMAT = "dwarf-with-dsym";
				ENABLE_NS_ASSERTIONS = NO;
				ENABLE_STRICT_OBJC_MSGSEND = YES;
				GCC_C_LANGUAGE_STANDARD = gnu11;
				GCC_NO_COMMON_BLOCKS = YES;
				GCC_WARN_64_TO_32_BIT_CONVERSION = YES;
				GCC_WARN_ABOUT_RETURN_TYPE = YES_ERROR;
				GCC_WARN_UNDECLARED_SELECTOR = YES;
				GCC_WARN_UNINITIALIZED_AUTOS = YES_AGGRESSIVE;
				GCC_WARN_UNUSED_FUNCTION = YES;
				GCC_WARN_UNUSED_VARIABLE = YES;
				IPHONEOS_DEPLOYMENT_TARGET = 15.5;
				MTL_ENABLE_DEBUG_INFO = NO;
				MTL_FAST_MATH = YES;
				SDKROOT = iphoneos;
				SWIFT_COMPILATION_MODE = wholemodule;
				SWIFT_OPTIMIZATION_LEVEL = "-O";
				VALIDATE_PRODUCT = YES;
			};
			name = Release;
		};
		047B1FAC2B677A8B009CE1AA /* Debug */ = {
			isa = XCBuildConfiguration;
			buildSettings = {
				ASSETCATALOG_COMPILER_APPICON_NAME = AppIcon;
				ASSETCATALOG_COMPILER_GLOBAL_ACCENT_COLOR_NAME = AccentColor;
				CODE_SIGN_STYLE = Automatic;
				CURRENT_PROJECT_VERSION = 1;
				GENERATE_INFOPLIST_FILE = YES;
				INFOPLIST_FILE = "WeatherDataFetching(Weather_Api)/Info.plist";
				INFOPLIST_KEY_UIApplicationSupportsIndirectInputEvents = YES;
				INFOPLIST_KEY_UILaunchStoryboardName = LaunchScreen;
				INFOPLIST_KEY_UIMainStoryboardFile = Main;
				INFOPLIST_KEY_UISupportedInterfaceOrientations_iPad = "UIInterfaceOrientationPortrait UIInterfaceOrientationPortraitUpsideDown UIInterfaceOrientationLandscapeLeft UIInterfaceOrientationLandscapeRight";
				INFOPLIST_KEY_UISupportedInterfaceOrientations_iPhone = "UIInterfaceOrientationPortrait UIInterfaceOrientationLandscapeLeft UIInterfaceOrientationLandscapeRight";
				LD_RUNPATH_SEARCH_PATHS = (
					"$(inherited)",
					"@executable_path/Frameworks",
				);
				MARKETING_VERSION = 1.0;
				PRODUCT_BUNDLE_IDENTIFIER = "in.bitcode.WeatherDataFetching-Weather-Api-";
				PRODUCT_NAME = "$(TARGET_NAME)";
				SWIFT_EMIT_LOC_STRINGS = YES;
				SWIFT_VERSION = 5.0;
				TARGETED_DEVICE_FAMILY = "1,2";
			};
			name = Debug;
		};
		047B1FAD2B677A8B009CE1AA /* Release */ = {
			isa = XCBuildConfiguration;
			buildSettings = {
				ASSETCATALOG_COMPILER_APPICON_NAME = AppIcon;
				ASSETCATALOG_COMPILER_GLOBAL_ACCENT_COLOR_NAME = AccentColor;
				CODE_SIGN_STYLE = Automatic;
				CURRENT_PROJECT_VERSION = 1;
				GENERATE_INFOPLIST_FILE = YES;
				INFOPLIST_FILE = "WeatherDataFetching(Weather_Api)/Info.plist";
				INFOPLIST_KEY_UIApplicationSupportsIndirectInputEvents = YES;
				INFOPLIST_KEY_UILaunchStoryboardName = LaunchScreen;
				INFOPLIST_KEY_UIMainStoryboardFile = Main;
				INFOPLIST_KEY_UISupportedInterfaceOrientations_iPad = "UIInterfaceOrientationPortrait UIInterfaceOrientationPortraitUpsideDown UIInterfaceOrientationLandscapeLeft UIInterfaceOrientationLandscapeRight";
				INFOPLIST_KEY_UISupportedInterfaceOrientations_iPhone = "UIInterfaceOrientationPortrait UIInterfaceOrientationLandscapeLeft UIInterfaceOrientationLandscapeRight";
				LD_RUNPATH_SEARCH_PATHS = (
					"$(inherited)",
					"@executable_path/Frameworks",
				);
				MARKETING_VERSION = 1.0;
				PRODUCT_BUNDLE_IDENTIFIER = "in.bitcode.WeatherDataFetching-Weather-Api-";
				PRODUCT_NAME = "$(TARGET_NAME)";
				SWIFT_EMIT_LOC_STRINGS = YES;
				SWIFT_VERSION = 5.0;
				TARGETED_DEVICE_FAMILY = "1,2";
			};
			name = Release;
		};
/* End XCBuildConfiguration section */

/* Begin XCConfigurationList section */
		047B1F922B677A88009CE1AA /* Build configuration list for PBXProject "WeatherDataFetching(Weather_Api)" */ = {
			isa = XCConfigurationList;
			buildConfigurations = (
				047B1FA92B677A8B009CE1AA /* Debug */,
				047B1FAA2B677A8B009CE1AA /* Release */,
			);
			defaultConfigurationIsVisible = 0;
			defaultConfigurationName = Release;
		};
		047B1FAB2B677A8B009CE1AA /* Build configuration list for PBXNativeTarget "WeatherDataFetching(Weather_Api)" */ = {
			isa = XCConfigurationList;
			buildConfigurations = (
				047B1FAC2B677A8B009CE1AA /* Debug */,
				047B1FAD2B677A8B009CE1AA /* Release */,
			);
			defaultConfigurationIsVisible = 0;
			defaultConfigurationName = Release;
		};
/* End XCConfigurationList section */
	};
	rootObject = 047B1F8F2B677A88009CE1AA /* Project object */;
}
